
Microsoft Visual Studio Solution File, Format Version 12.00
# Visual Studio Version 17
VisualStudioVersion = 17.9.34414.90
MinimumVisualStudioVersion = 10.0.40219.1
Project("{9A19103F-16F7-4668-BE54-9A1E7A4F7556}") = "MauiApp1", "MauiApp1\MauiApp1.csproj", "{9AB44DB2-BE74-4815-B6D0-02FFBD3A4690}"
EndProject
Project("{FAE04EC0-301F-11D3-BF4B-00C04F79EFBC}") = "Tests", "Tests\Tests.csproj", "{DF68F581-D2C2-4E7E-B3AE-F4542024E57A}"
EndProject
Project("{FAE04EC0-301F-11D3-BF4B-00C04F79EFBC}") = "TestError", "TestError\TestError.csproj", "{433A9D1C-1165-4F6B-AEF1-580E529D7DB4}"
EndProject
Global
	GlobalSection(SolutionConfigurationPlatforms) = preSolution
		Debug|Any CPU = Debug|Any CPU
		Release|Any CPU = Release|Any CPU
	EndGlobalSection
	GlobalSection(ProjectConfigurationPlatforms) = postSolution
		{9AB44DB2-BE74-4815-B6D0-02FFBD3A4690}.Debug|Any CPU.ActiveCfg = Debug|Any CPU
		{9AB44DB2-BE74-4815-B6D0-02FFBD3A4690}.Debug|Any CPU.Build.0 = Debug|Any CPU
		{9AB44DB2-BE74-4815-B6D0-02FFBD3A4690}.Debug|Any CPU.Deploy.0 = Debug|Any CPU
		{9AB44DB2-BE74-4815-B6D0-02FFBD3A4690}.Release|Any CPU.ActiveCfg = Release|Any CPU
		{9AB44DB2-BE74-4815-B6D0-02FFBD3A4690}.Release|Any CPU.Build.0 = Release|Any CPU
		{9AB44DB2-BE74-4815-B6D0-02FFBD3A4690}.Release|Any CPU.Deploy.0 = Release|Any CPU
		{DF68F581-D2C2-4E7E-B3AE-F4542024E57A}.Debug|Any CPU.ActiveCfg = Debug|Any CPU
		{DF68F581-D2C2-4E7E-B3AE-F4542024E57A}.Debug|Any CPU.Build.0 = Debug|Any CPU
		{DF68F581-D2C2-4E7E-B3AE-F4542024E57A}.Release|Any CPU.ActiveCfg = Release|Any CPU
		{DF68F581-D2C2-4E7E-B3AE-F4542024E57A}.Release|Any CPU.Build.0 = Release|Any CPU
		{433A9D1C-1165-4F6B-AEF1-580E529D7DB4}.Debug|Any CPU.ActiveCfg = Debug|Any CPU
		{433A9D1C-1165-4F6B-AEF1-580E529D7DB4}.Debug|Any CPU.Build.0 = Debug|Any CPU
		{433A9D1C-1165-4F6B-AEF1-580E529D7DB4}.Release|Any CPU.ActiveCfg = Release|Any CPU
		{433A9D1C-1165-4F6B-AEF1-580E529D7DB4}.Release|Any CPU.Build.0 = Release|Any CPU
	EndGlobalSection
	GlobalSection(SolutionProperties) = preSolution
		HideSolutionNode = FALSE
	EndGlobalSection
	GlobalSection(ExtensibilityGlobals) = postSolution
		SolutionGuid = {97B2A3B0-0401-4B53-B777-0D17E5D1869C}
	EndGlobalSection
EndGlobal
